
Microsoft Visual Studio Solution File, Format Version 12.00
# Visual Studio Version 17
VisualStudioVersion = 17.14.36511.14 d17.14
MinimumVisualStudioVersion = 10.0.40219.1
Project("{FAE04EC0-301F-11D3-BF4B-00C04F79EFBC}") = "Person.cs", "Person.cs\Person.cs.csproj", "{0BE6F534-EEB2-4958-8D2B-D1E748C33CD7}"
EndProject
Global
	GlobalSection(SolutionConfigurationPlatforms) = preSolution
		Debug|Any CPU = Debug|Any CPU
		Release|Any CPU = Release|Any CPU
	EndGlobalSection
	GlobalSection(ProjectConfigurationPlatforms) = postSolution
		{0BE6F534-EEB2-4958-8D2B-D1E748C33CD7}.Debug|Any CPU.ActiveCfg = Debug|Any CPU
		{0BE6F534-EEB2-4958-8D2B-D1E748C33CD7}.Debug|Any CPU.Build.0 = Debug|Any CPU
		{0BE6F534-EEB2-4958-8D2B-D1E748C33CD7}.Release|Any CPU.ActiveCfg = Release|Any CPU
		{0BE6F534-EEB2-4958-8D2B-D1E748C33CD7}.Release|Any CPU.Build.0 = Release|Any CPU
	EndGlobalSection
	GlobalSection(SolutionProperties) = preSolution
		HideSolutionNode = FALSE
	EndGlobalSection
	GlobalSection(ExtensibilityGlobals) = postSolution
		SolutionGuid = {BE2C9BCC-1259-4F50-8307-A9982D9FEDE6}
	EndGlobalSection
EndGlobal
